{
  "name": "songify-your-voice",
  "version": "1.0.0",
  "lockfileVersion": 2,
  "requires": true,
  "packages": {
    "": {
      "version": "1.0.0",
      "dependencies": {
        "fs": "0.0.1-security",
        "http": "0.0.1-security",
        "midi-parser-js": "^4.0.4",
        "pitchfinder": "^2.3.1",
        "wav-decoder": "^1.3.0"
      }
    },
    "node_modules/fs": {
      "version": "0.0.1-security",
      "resolved": "https://registry.npmjs.org/fs/-/fs-0.0.1-security.tgz",
      "integrity": "sha1-invTcYa23d84E/I4WLV+yq9eQdQ="
    },
    "node_modules/http": {
      "version": "0.0.1-security",
      "resolved": "https://registry.npmjs.org/http/-/http-0.0.1-security.tgz",
      "integrity": "sha512-RnDvP10Ty9FxqOtPZuxtebw1j4L/WiqNMDtuc1YMH1XQm5TgDRaR1G9u8upL6KD1bXHSp9eSXo/ED+8Q7FAr+g=="
    },
    "node_modules/midi-parser-js": {
      "version": "4.0.4",
      "resolved": "https://registry.npmjs.org/midi-parser-js/-/midi-parser-js-4.0.4.tgz",
      "integrity": "sha512-yCCUNemjDET40SPslUbAyi7lClSS+ttcBAWNY337kJouRFsEtIql38Fp4p5xfODkltFvuqHJL9JytnZIrzpJbw=="
    },
    "node_modules/pitchfinder": {
      "version": "2.3.1",
      "resolved": "https://registry.npmjs.org/pitchfinder/-/pitchfinder-2.3.1.tgz",
      "integrity": "sha512-lYZo2J9i6OV769VKGpeEpvotc7GSLS98iP8ZyRurhZZDIpyDt09dBG+Z4+amx8379pQ83AjI9Pde8//4R7Rc1Q=="
    },
    "node_modules/wav-decoder": {
      "version": "1.3.0",
      "resolved": "https://registry.npmjs.org/wav-decoder/-/wav-decoder-1.3.0.tgz",
      "integrity": "sha512-4U6O/JNb1dPO90CO2YMTQ5N2plJcntm39vNMvRq9VZ4Vy5FzS7Lnx95N2QcYUyKYcZfCbhI//W3dSHA8YnOQyQ=="
    }
  },
  "dependencies": {
    "fs": {
      "version": "0.0.1-security",
      "resolved": "https://registry.npmjs.org/fs/-/fs-0.0.1-security.tgz",
      "integrity": "sha1-invTcYa23d84E/I4WLV+yq9eQdQ="
    },
    "http": {
      "version": "0.0.1-security",
      "resolved": "https://registry.npmjs.org/http/-/http-0.0.1-security.tgz",
      "integrity": "sha512-RnDvP10Ty9FxqOtPZuxtebw1j4L/WiqNMDtuc1YMH1XQm5TgDRaR1G9u8upL6KD1bXHSp9eSXo/ED+8Q7FAr+g=="
    },
    "midi-parser-js": {
      "version": "4.0.4",
      "resolved": "https://registry.npmjs.org/midi-parser-js/-/midi-parser-js-4.0.4.tgz",
      "integrity": "sha512-yCCUNemjDET40SPslUbAyi7lClSS+ttcBAWNY337kJouRFsEtIql38Fp4p5xfODkltFvuqHJL9JytnZIrzpJbw=="
    },
    "pitchfinder": {
      "version": "2.3.1",
      "resolved": "https://registry.npmjs.org/pitchfinder/-/pitchfinder-2.3.1.tgz",
      "integrity": "sha512-lYZo2J9i6OV769VKGpeEpvotc7GSLS98iP8ZyRurhZZDIpyDt09dBG+Z4+amx8379pQ83AjI9Pde8//4R7Rc1Q=="
    },
    "wav-decoder": {
      "version": "1.3.0",
      "resolved": "https://registry.npmjs.org/wav-decoder/-/wav-decoder-1.3.0.tgz",
      "integrity": "sha512-4U6O/JNb1dPO90CO2YMTQ5N2plJcntm39vNMvRq9VZ4Vy5FzS7Lnx95N2QcYUyKYcZfCbhI//W3dSHA8YnOQyQ=="
    }
  }
}
